
Microsoft Visual Studio Solution File, Format Version 12.00
# Visual Studio Version 16
VisualStudioVersion = 16.0.30413.136
MinimumVisualStudioVersion = 10.0.40219.1
Project("{FAE04EC0-301F-11D3-BF4B-00C04F79EFBC}") = "MovieCustomerMvcApplicationWithAuthentication", "MovieCustomerMvcApplicationWithAuthentication\MovieCustomerMvcApplicationWithAuthentication.csproj", "{600B1F58-1BCB-4A11-8F9F-E89EAF70E479}"
EndProject
Global
	GlobalSection(SolutionConfigurationPlatforms) = preSolution
		Debug|Any CPU = Debug|Any CPU
		Release|Any CPU = Release|Any CPU
	EndGlobalSection
	GlobalSection(ProjectConfigurationPlatforms) = postSolution
		{600B1F58-1BCB-4A11-8F9F-E89EAF70E479}.Debug|Any CPU.ActiveCfg = Debug|Any CPU
		{600B1F58-1BCB-4A11-8F9F-E89EAF70E479}.Debug|Any CPU.Build.0 = Debug|Any CPU
		{600B1F58-1BCB-4A11-8F9F-E89EAF70E479}.Release|Any CPU.ActiveCfg = Release|Any CPU
		{600B1F58-1BCB-4A11-8F9F-E89EAF70E479}.Release|Any CPU.Build.0 = Release|Any CPU
	EndGlobalSection
	GlobalSection(SolutionProperties) = preSolution
		HideSolutionNode = FALSE
	EndGlobalSection
	GlobalSection(ExtensibilityGlobals) = postSolution
		SolutionGuid = {26835A8E-6F78-41A5-B3B7-6463D6BA34D7}
	EndGlobalSection
EndGlobal
